// !$*UTF8*$!
{
	archiveVersion = 1;
	classes = {
	};
	objectVersion = 50;
	objects = {

/* Begin PBXBuildFile section */
		71ED8BF420DAC53500CD305E /* AppDelegate.swift in Sources */ = {isa = PBXBuildFile; fileRef = 71ED8BF320DAC53500CD305E /* AppDelegate.swift */; };
		71ED8BF620DAC53500CD305E /* ViewController.swift in Sources */ = {isa = PBXBuildFile; fileRef = 71ED8BF520DAC53500CD305E /* ViewController.swift */; };
		71ED8BFB20DAC53600CD305E /* Assets.xcassets in Resources */ = {isa = PBXBuildFile; fileRef = 71ED8BFA20DAC53600CD305E /* Assets.xcassets */; };
		71ED8BFE20DAC53600CD305E /* LaunchScreen.storyboard in Resources */ = {isa = PBXBuildFile; fileRef = 71ED8BFC20DAC53600CD305E /* LaunchScreen.storyboard */; };
		71ED8C0620DB2B7C00CD305E /* NamingConventions.swift in Sources */ = {isa = PBXBuildFile; fileRef = 71ED8C0520DB2B7C00CD305E /* NamingConventions.swift */; };
		71ED8C0E20DB50A800CD305E /* Extension.swift in Sources */ = {isa = PBXBuildFile; fileRef = 71ED8C0D20DB50A800CD305E /* Extension.swift */; };
		71ED8C2120DD405A00CD305E /* OperationsArray.swift in Sources */ = {isa = PBXBuildFile; fileRef = 71ED8C2020DD405A00CD305E /* OperationsArray.swift */; };
/* End PBXBuildFile section */

/* Begin PBXFileReference section */
		71ED8BF020DAC53500CD305E /* Calculator.app */ = {isa = PBXFileReference; explicitFileType = wrapper.application; includeInIndex = 0; path = Calculator.app; sourceTree = BUILT_PRODUCTS_DIR; };
		71ED8BF320DAC53500CD305E /* AppDelegate.swift */ = {isa = PBXFileReference; lastKnownFileType = sourcecode.swift; path = AppDelegate.swift; sourceTree = "<group>"; };
		71ED8BF520DAC53500CD305E /* ViewController.swift */ = {isa = PBXFileReference; lastKnownFileType = sourcecode.swift; path = ViewController.swift; sourceTree = "<group>"; };
		71ED8BFA20DAC53600CD305E /* Assets.xcassets */ = {isa = PBXFileReference; lastKnownFileType = folder.assetcatalog; path = Assets.xcassets; sourceTree = "<group>"; };
		71ED8BFD20DAC53600CD305E /* Base */ = {isa = PBXFileReference; lastKnownFileType = file.storyboard; name = Base; path = Base.lproj/LaunchScreen.storyboard; sourceTree = "<group>"; };
		71ED8BFF20DAC53600CD305E /* Info.plist */ = {isa = PBXFileReference; lastKnownFileType = text.plist.xml; path = Info.plist; sourceTree = "<group>"; };
		71ED8C0520DB2B7C00CD305E /* NamingConventions.swift */ = {isa = PBXFileReference; lastKnownFileType = sourcecode.swift; path = NamingConventions.swift; sourceTree = "<group>"; };
		71ED8C0D20DB50A800CD305E /* Extension.swift */ = {isa = PBXFileReference; lastKnownFileType = sourcecode.swift; path = Extension.swift; sourceTree = "<group>"; };
		71ED8C2020DD405A00CD305E /* OperationsArray.swift */ = {isa = PBXFileReference; lastKnownFileType = sourcecode.swift; path = OperationsArray.swift; sourceTree = "<group>"; };
/* End PBXFileReference section */

/* Begin PBXFrameworksBuildPhase section */
		71ED8BED20DAC53500CD305E /* Frameworks */ = {
			isa = PBXFrameworksBuildPhase;
			buildActionMask = 2147483647;
			files = (
			);
			runOnlyForDeploymentPostprocessing = 0;
		};
/* End PBXFrameworksBuildPhase section */

/* Begin PBXGroup section */
		71ED8BE720DAC53500CD305E = {
			isa = PBXGroup;
			children = (
				71ED8BF220DAC53500CD305E /* Calculator */,
				71ED8C1220DBFBC300CD305E /* Resources */,
				71ED8BF120DAC53500CD305E /* Products */,
			);
			sourceTree = "<group>";
		};
		71ED8BF120DAC53500CD305E /* Products */ = {
			isa = PBXGroup;
			children = (
				71ED8BF020DAC53500CD305E /* Calculator.app */,
			);
			name = Products;
			sourceTree = "<group>";
		};
		71ED8BF220DAC53500CD305E /* Calculator */ = {
			isa = PBXGroup;
			children = (
				71ED8C1920DC019100CD305E /* Controller */,
				71ED8C1320DBFBDC00CD305E /* View */,
				71ED8C1120DBFBAA00CD305E /* Helper Files */,
			);
			path = Calculator;
			sourceTree = "<group>";
		};
		71ED8C1120DBFBAA00CD305E /* Helper Files */ = {
			isa = PBXGroup;
			children = (
				71ED8C0D20DB50A800CD305E /* Extension.swift */,
				71ED8C0520DB2B7C00CD305E /* NamingConventions.swift */,
				71ED8C2020DD405A00CD305E /* OperationsArray.swift */,
			);
			path = "Helper Files";
			sourceTree = "<group>";
		};
		71ED8C1220DBFBC300CD305E /* Resources */ = {
			isa = PBXGroup;
			children = (
				71ED8BFA20DAC53600CD305E /* Assets.xcassets */,
				71ED8BF320DAC53500CD305E /* AppDelegate.swift */,
				71ED8BFC20DAC53600CD305E /* LaunchScreen.storyboard */,
				71ED8BFF20DAC53600CD305E /* Info.plist */,
			);
			path = Resources;
			sourceTree = "<group>";
		};
		71ED8C1320DBFBDC00CD305E /* View */ = {
			isa = PBXGroup;
			children = (
				71ED8BF520DAC53500CD305E /* ViewController.swift */,
			);
			path = View;
			sourceTree = "<group>";
		};
		71ED8C1920DC019100CD305E /* Controller */ = {
			isa = PBXGroup;
			children = (
			);
			path = Controller;
			sourceTree = "<group>";
		};
/* End PBXGroup section */

/* Begin PBXNativeTarget section */
		71ED8BEF20DAC53500CD305E /* Calculator */ = {
			isa = PBXNativeTarget;
			buildConfigurationList = 71ED8C0220DAC53600CD305E /* Build configuration list for PBXNativeTarget "Calculator" */;
			buildPhases = (
				71ED8BEC20DAC53500CD305E /* Sources */,
				71ED8BED20DAC53500CD305E /* Frameworks */,
				71ED8BEE20DAC53500CD305E /* Resources */,
			);
			buildRules = (
			);
			dependencies = (
			);
			name = Calculator;
			productName = Calculator;
			productReference = 71ED8BF020DAC53500CD305E /* Calculator.app */;
			productType = "com.apple.product-type.application";
		};
/* End PBXNativeTarget section */

/* Begin PBXProject section */
		71ED8BE820DAC53500CD305E /* Project object */ = {
			isa = PBXProject;
			attributes = {
				LastSwiftUpdateCheck = 0940;
				LastUpgradeCheck = 0940;
				ORGANIZATIONNAME = "Caston  Boyd";
				TargetAttributes = {
					71ED8BEF20DAC53500CD305E = {
						CreatedOnToolsVersion = 9.4;
					};
				};
			};
			buildConfigurationList = 71ED8BEB20DAC53500CD305E /* Build configuration list for PBXProject "Calculator" */;
			compatibilityVersion = "Xcode 9.3";
			developmentRegion = en;
			hasScannedForEncodings = 0;
			knownRegions = (
				en,
				Base,
			);
			mainGroup = 71ED8BE720DAC53500CD305E;
			productRefGroup = 71ED8BF120DAC53500CD305E /* Products */;
			projectDirPath = "";
			projectRoot = "";
			targets = (
				71ED8BEF20DAC53500CD305E /* Calculator */,
			);
		};
/* End PBXProject section */

/* Begin PBXResourcesBuildPhase section */
		71ED8BEE20DAC53500CD305E /* Resources */ = {
			isa = PBXResourcesBuildPhase;
			buildActionMask = 2147483647;
			files = (
				71ED8BFE20DAC53600CD305E /* LaunchScreen.storyboard in Resources */,
				71ED8BFB20DAC53600CD305E /* Assets.xcassets in Resources */,
			);
			runOnlyForDeploymentPostprocessing = 0;
		};
/* End PBXResourcesBuildPhase section */

/* Begin PBXSourcesBuildPhase section */
		71ED8BEC20DAC53500CD305E /* Sources */ = {
			isa = PBXSourcesBuildPhase;
			buildActionMask = 2147483647;
			files = (
				71ED8C2120DD405A00CD305E /* OperationsArray.swift in Sources */,
				71ED8C0620DB2B7C00CD305E /* NamingConventions.swift in Sources */,
				71ED8BF620DAC53500CD305E /* ViewController.swift in Sources */,
				71ED8BF420DAC53500CD305E /* AppDelegate.swift in Sources */,
				71ED8C0E20DB50A800CD305E /* Extension.swift in Sources */,
			);
			runOnlyForDeploymentPostprocessing = 0;
		};
/* End PBXSourcesBuildPhase section */

/* Begin PBXVariantGroup section */
		71ED8BFC20DAC53600CD305E /* LaunchScreen.storyboard */ = {
			isa = PBXVariantGroup;
			children = (
				71ED8BFD20DAC53600CD305E /* Base */,
			);
			name = LaunchScreen.storyboard;
			sourceTree = "<group>";
		};
/* End PBXVariantGroup section */

/* Begin XCBuildConfiguration section */
		71ED8C0020DAC53600CD305E /* Debug */ = {
			isa = XCBuildConfiguration;
			buildSettings = {
				ALWAYS_SEARCH_USER_PATHS = NO;
				CLANG_ANALYZER_NONNULL = YES;
				CLANG_ANALYZER_NUMBER_OBJECT_CONVERSION = YES_AGGRESSIVE;
				CLANG_CXX_LANGUAGE_STANDARD = "gnu++14";
				CLANG_CXX_LIBRARY = "libc++";
				CLANG_ENABLE_MODULES = YES;
				CLANG_ENABLE_OBJC_ARC = YES;
				CLANG_ENABLE_OBJC_WEAK = YES;
				CLANG_WARN_BLOCK_CAPTURE_AUTORELEASING = YES;
				CLANG_WARN_BOOL_CONVERSION = YES;
				CLANG_WARN_COMMA = YES;
				CLANG_WARN_CONSTANT_CONVERSION = YES;
				CLANG_WARN_DEPRECATED_OBJC_IMPLEMENTATIONS = YES;
				CLANG_WARN_DIRECT_OBJC_ISA_USAGE = YES_ERROR;
				CLANG_WARN_DOCUMENTATION_COMMENTS = YES;
				CLANG_WARN_EMPTY_BODY = YES;
				CLANG_WARN_ENUM_CONVERSION = YES;
				CLANG_WARN_INFINITE_RECURSION = YES;
				CLANG_WARN_INT_CONVERSION = YES;
				CLANG_WARN_NON_LITERAL_NULL_CONVERSION = YES;
				CLANG_WARN_OBJC_IMPLICIT_RETAIN_SELF = YES;
				CLANG_WARN_OBJC_LITERAL_CONVERSION = YES;
				CLANG_WARN_OBJC_ROOT_CLASS = YES_ERROR;
				CLANG_WARN_RANGE_LOOP_ANALYSIS = YES;
				CLANG_WARN_STRICT_PROTOTYPES = YES;
				CLANG_WARN_SUSPICIOUS_MOVE = YES;
				CLANG_WARN_UNGUARDED_AVAILABILITY = YES_AGGRESSIVE;
				CLANG_WARN_UNREACHABLE_CODE = YES;
				CLANG_WARN__DUPLICATE_METHOD_MATCH = YES;
				CODE_SIGN_IDENTITY = "iPhone Developer";
				COPY_PHASE_STRIP = NO;
				DEBUG_INFORMATION_FORMAT = dwarf;
				ENABLE_STRICT_OBJC_MSGSEND = YES;
				ENABLE_TESTABILITY = YES;
				GCC_C_LANGUAGE_STANDARD = gnu11;
				GCC_DYNAMIC_NO_PIC = NO;
				GCC_NO_COMMON_BLOCKS = YES;
				GCC_OPTIMIZATION_LEVEL = 0;
				GCC_PREPROCESSOR_DEFINITIONS = (
					"DEBUG=1",
					"$(inherited)",
				);
				GCC_WARN_64_TO_32_BIT_CONVERSION = YES;
				GCC_WARN_ABOUT_RETURN_TYPE = YES_ERROR;
				GCC_WARN_UNDECLARED_SELECTOR = YES;
				GCC_WARN_UNINITIALIZED_AUTOS = YES_AGGRESSIVE;
				GCC_WARN_UNUSED_FUNCTION = YES;
				GCC_WARN_UNUSED_VARIABLE = YES;
				IPHONEOS_DEPLOYMENT_TARGET = 11.4;
				MTL_ENABLE_DEBUG_INFO = YES;
				ONLY_ACTIVE_ARCH = YES;
				SDKROOT = iphoneos;
				SWIFT_ACTIVE_COMPILATION_CONDITIONS = DEBUG;
				SWIFT_OPTIMIZATION_LEVEL = "-Onone";
			};
			name = Debug;
		};
		71ED8C0120DAC53600CD305E /* Release */ = {
			isa = XCBuildConfiguration;
			buildSettings = {
				ALWAYS_SEARCH_USER_PATHS = NO;
				CLANG_ANALYZER_NONNULL = YES;
				CLANG_ANALYZER_NUMBER_OBJECT_CONVERSION = YES_AGGRESSIVE;
				CLANG_CXX_LANGUAGE_STANDARD = "gnu++14";
				CLANG_CXX_LIBRARY = "libc++";
				CLANG_ENABLE_MODULES = YES;
				CLANG_ENABLE_OBJC_ARC = YES;
				CLANG_ENABLE_OBJC_WEAK = YES;
				CLANG_WARN_BLOCK_CAPTURE_AUTORELEASING = YES;
				CLANG_WARN_BOOL_CONVERSION = YES;
				CLANG_WARN_COMMA = YES;
				CLANG_WARN_CONSTANT_CONVERSION = YES;
				CLANG_WARN_DEPRECATED_OBJC_IMPLEMENTATIONS = YES;
				CLANG_WARN_DIRECT_OBJC_ISA_USAGE = YES_ERROR;
				CLANG_WARN_DOCUMENTATION_COMMENTS = YES;
				CLANG_WARN_EMPTY_BODY = YES;
				CLANG_WARN_ENUM_CONVERSION = YES;
				CLANG_WARN_INFINITE_RECURSION = YES;
				CLANG_WARN_INT_CONVERSION = YES;
				CLANG_WARN_NON_LITERAL_NULL_CONVERSION = YES;
				CLANG_WARN_OBJC_IMPLICIT_RETAIN_SELF = YES;
				CLANG_WARN_OBJC_LITERAL_CONVERSION = YES;
				CLANG_WARN_OBJC_ROOT_CLASS = YES_ERROR;
				CLANG_WARN_RANGE_LOOP_ANALYSIS = YES;
				CLANG_WARN_STRICT_PROTOTYPES = YES;
				CLANG_WARN_SUSPICIOUS_MOVE = YES;
				CLANG_WARN_UNGUARDED_AVAILABILITY = YES_AGGRESSIVE;
				CLANG_WARN_UNREACHABLE_CODE = YES;
				CLANG_WARN__DUPLICATE_METHOD_MATCH = YES;
				CODE_SIGN_IDENTITY = "iPhone Developer";
				COPY_PHASE_STRIP = NO;
				DEBUG_INFORMATION_FORMAT = "dwarf-with-dsym";
				ENABLE_NS_ASSERTIONS = NO;
				ENABLE_STRICT_OBJC_MSGSEND = YES;
				GCC_C_LANGUAGE_STANDARD = gnu11;
				GCC_NO_COMMON_BLOCKS = YES;
				GCC_WARN_64_TO_32_BIT_CONVERSION = YES;
				GCC_WARN_ABOUT_RETURN_TYPE = YES_ERROR;
				GCC_WARN_UNDECLARED_SELECTOR = YES;
				GCC_WARN_UNINITIALIZED_AUTOS = YES_AGGRESSIVE;
				GCC_WARN_UNUSED_FUNCTION = YES;
				GCC_WARN_UNUSED_VARIABLE = YES;
				IPHONEOS_DEPLOYMENT_TARGET = 11.4;
				MTL_ENABLE_DEBUG_INFO = NO;
				SDKROOT = iphoneos;
				SWIFT_COMPILATION_MODE = wholemodule;
				SWIFT_OPTIMIZATION_LEVEL = "-O";
				VALIDATE_PRODUCT = YES;
			};
			name = Release;
		};
		71ED8C0320DAC53600CD305E /* Debug */ = {
			isa = XCBuildConfiguration;
			buildSettings = {
				ASSETCATALOG_COMPILER_APPICON_NAME = AppIcon;
				CODE_SIGN_STYLE = Automatic;
				DEVELOPMENT_TEAM = DEU5AX7577;
				INFOPLIST_FILE = "$(SRCROOT)/Resources/Info.plist";
				LD_RUNPATH_SEARCH_PATHS = (
					"$(inherited)",
					"@executable_path/Frameworks",
				);
				PRODUCT_BUNDLE_IDENTIFIER = com.Virtud.Calculator;
				PRODUCT_NAME = "$(TARGET_NAME)";
				SWIFT_VERSION = 4.0;
				TARGETED_DEVICE_FAMILY = "1,2";
			};
			name = Debug;
		};
		71ED8C0420DAC53600CD305E /* Release */ = {
			isa = XCBuildConfiguration;
			buildSettings = {
				ASSETCATALOG_COMPILER_APPICON_NAME = AppIcon;
				CODE_SIGN_STYLE = Automatic;
				DEVELOPMENT_TEAM = DEU5AX7577;
				INFOPLIST_FILE = "$(SRCROOT)/Resources/Info.plist";
				LD_RUNPATH_SEARCH_PATHS = (
					"$(inherited)",
					"@executable_path/Frameworks",
				);
				PRODUCT_BUNDLE_IDENTIFIER = com.Virtud.Calculator;
				PRODUCT_NAME = "$(TARGET_NAME)";
				SWIFT_VERSION = 4.0;
				TARGETED_DEVICE_FAMILY = "1,2";
			};
			name = Release;
		};
/* End XCBuildConfiguration section */

/* Begin XCConfigurationList section */
		71ED8BEB20DAC53500CD305E /* Build configuration list for PBXProject "Calculator" */ = {
			isa = XCConfigurationList;
			buildConfigurations = (
				71ED8C0020DAC53600CD305E /* Debug */,
				71ED8C0120DAC53600CD305E /* Release */,
			);
			defaultConfigurationIsVisible = 0;
			defaultConfigurationName = Release;
		};
		71ED8C0220DAC53600CD305E /* Build configuration list for PBXNativeTarget "Calculator" */ = {
			isa = XCConfigurationList;
			buildConfigurations = (
				71ED8C0320DAC53600CD305E /* Debug */,
				71ED8C0420DAC53600CD305E /* Release */,
			);
			defaultConfigurationIsVisible = 0;
			defaultConfigurationName = Release;
		};
/* End XCConfigurationList section */
	};
	rootObject = 71ED8BE820DAC53500CD305E /* Project object */;
}
